{
  "originHash" : "5c1d2da7b639ed6a3ea402538a7450e374cf77128b0530ebffa9ce97e7be766f",
  "pins" : [
    {
      "identity" : "swift-argument-parser",
      "kind" : "remoteSourceControl",
      "location" : "https://github.com/apple/swift-argument-parser",
      "state" : {
        "revision" : "6a52f3251125d74daf04fcbd5e6f08a75d074382",
        "version" : "1.8.2"
      }
    },
    {
      "identity" : "swiftterm",
      "kind" : "remoteSourceControl",
      "location" : "https://github.com/migueldeicaza/SwiftTerm.git",
      "state" : {
        "branch" : "main",
        "revision" : "6918d74b5c2880007901151cd4ac1820779abd7b"
      }
    }
  ],
  "version" : 3
}
