{
  "originHash" : "a7d4171c74edced44a36661b58997bbe9fdda43bc3ad887b1510ab8a9d9f6a20",
  "pins" : [
    {
      "identity" : "sparkle",
      "kind" : "remoteSourceControl",
      "location" : "https://github.com/sparkle-project/Sparkle",
      "state" : {
        "revision" : "b6496a74a087257ef5e6da1c5b29a447a60f5bd7",
        "version" : "2.9.4"
      }
    },
    {
      "identity" : "swift-argument-parser",
      "kind" : "remoteSourceControl",
      "location" : "https://github.com/apple/swift-argument-parser",
      "state" : {
        "revision" : "6a52f3251125d74daf04fcbd5e6f08a75d074382",
        "version" : "1.8.2"
      }
    },
    {
      "identity" : "swiftterm",
      "kind" : "remoteSourceControl",
      "location" : "https://github.com/luanzt/SwiftTerm.git",
      "state" : {
        "revision" : "2b2f6745a7034a1818b52a59a38d7fb93f1e33db"
      }
    }
  ],
  "version" : 3
}
